// !$*UTF8*$!
{
	archiveVersion = 1;
	classes = {
	};
	objectVersion = 56;
	objects = {

/* Begin PBXBuildFile section */
		403E62462C593A30006F4ACA /* RealityKitContent in Frameworks */ = {isa = PBXBuildFile; productRef = 403E62452C593A30006F4ACA /* RealityKitContent */; };
		403E62482C593A30006F4ACA /* Virtual_DecoratorApp.swift in Sources */ = {isa = PBXBuildFile; fileRef = 403E62472C593A30006F4ACA /* Virtual_DecoratorApp.swift */; };
		403E624A2C593A30006F4ACA /* ContentView.swift in Sources */ = {isa = PBXBuildFile; fileRef = 403E62492C593A30006F4ACA /* ContentView.swift */; };
		403E624C2C593A30006F4ACA /* ImmersiveView.swift in Sources */ = {isa = PBXBuildFile; fileRef = 403E624B2C593A30006F4ACA /* ImmersiveView.swift */; };
		403E624E2C593A32006F4ACA /* Assets.xcassets in Resources */ = {isa = PBXBuildFile; fileRef = 403E624D2C593A32006F4ACA /* Assets.xcassets */; };
		403E62512C593A32006F4ACA /* Preview Assets.xcassets in Resources */ = {isa = PBXBuildFile; fileRef = 403E62502C593A32006F4ACA /* Preview Assets.xcassets */; };
		403E625C2C593A32006F4ACA /* Virtual_DecoratorTests.swift in Sources */ = {isa = PBXBuildFile; fileRef = 403E625B2C593A32006F4ACA /* Virtual_DecoratorTests.swift */; };
/* End PBXBuildFile section */

/* Begin PBXContainerItemProxy section */
		403E62582C593A32006F4ACA /* PBXContainerItemProxy */ = {
			isa = PBXContainerItemProxy;
			containerPortal = 403E62382C593A30006F4ACA /* Project object */;
			proxyType = 1;
			remoteGlobalIDString = 403E623F2C593A30006F4ACA;
			remoteInfo = "Virtual Decorator";
		};
/* End PBXContainerItemProxy section */

/* Begin PBXFileReference section */
		403E62402C593A30006F4ACA /* Virtual Decorator.app */ = {isa = PBXFileReference; explicitFileType = wrapper.application; includeInIndex = 0; path = "Virtual Decorator.app"; sourceTree = BUILT_PRODUCTS_DIR; };
		403E62442C593A30006F4ACA /* RealityKitContent */ = {isa = PBXFileReference; lastKnownFileType = wrapper; path = RealityKitContent; sourceTree = "<group>"; };
		403E62472C593A30006F4ACA /* Virtual_DecoratorApp.swift */ = {isa = PBXFileReference; lastKnownFileType = sourcecode.swift; path = Virtual_DecoratorApp.swift; sourceTree = "<group>"; };
		403E62492C593A30006F4ACA /* ContentView.swift */ = {isa = PBXFileReference; lastKnownFileType = sourcecode.swift; path = ContentView.swift; sourceTree = "<group>"; };
		403E624B2C593A30006F4ACA /* ImmersiveView.swift */ = {isa = PBXFileReference; lastKnownFileType = sourcecode.swift; path = ImmersiveView.swift; sourceTree = "<group>"; };
		403E624D2C593A32006F4ACA /* Assets.xcassets */ = {isa = PBXFileReference; lastKnownFileType = folder.assetcatalog; path = Assets.xcassets; sourceTree = "<group>"; };
		403E62502C593A32006F4ACA /* Preview Assets.xcassets */ = {isa = PBXFileReference; lastKnownFileType = folder.assetcatalog; path = "Preview Assets.xcassets"; sourceTree = "<group>"; };
		403E62522C593A32006F4ACA /* Info.plist */ = {isa = PBXFileReference; lastKnownFileType = text.plist.xml; path = Info.plist; sourceTree = "<group>"; };
		403E62572C593A32006F4ACA /* Virtual DecoratorTests.xctest */ = {isa = PBXFileReference; explicitFileType = wrapper.cfbundle; includeInIndex = 0; path = "Virtual DecoratorTests.xctest"; sourceTree = BUILT_PRODUCTS_DIR; };
		403E625B2C593A32006F4ACA /* Virtual_DecoratorTests.swift */ = {isa = PBXFileReference; lastKnownFileType = sourcecode.swift; path = Virtual_DecoratorTests.swift; sourceTree = "<group>"; };
/* End PBXFileReference section */

/* Begin PBXFrameworksBuildPhase section */
		403E623D2C593A30006F4ACA /* Frameworks */ = {
			isa = PBXFrameworksBuildPhase;
			buildActionMask = 2147483647;
			files = (
				403E62462C593A30006F4ACA /* RealityKitContent in Frameworks */,
			);
			runOnlyForDeploymentPostprocessing = 0;
		};
		403E62542C593A32006F4ACA /* Frameworks */ = {
			isa = PBXFrameworksBuildPhase;
			buildActionMask = 2147483647;
			files = (
			);
			runOnlyForDeploymentPostprocessing = 0;
		};
/* End PBXFrameworksBuildPhase section */

/* Begin PBXGroup section */
		403E62372C593A30006F4ACA = {
			isa = PBXGroup;
			children = (
				403E62422C593A30006F4ACA /* Virtual Decorator */,
				403E62432C593A30006F4ACA /* Packages */,
				403E625A2C593A32006F4ACA /* Virtual DecoratorTests */,
				403E62412C593A30006F4ACA /* Products */,
			);
			sourceTree = "<group>";
		};
		403E62412C593A30006F4ACA /* Products */ = {
			isa = PBXGroup;
			children = (
				403E62402C593A30006F4ACA /* Virtual Decorator.app */,
				403E62572C593A32006F4ACA /* Virtual DecoratorTests.xctest */,
			);
			name = Products;
			sourceTree = "<group>";
		};
		403E62422C593A30006F4ACA /* Virtual Decorator */ = {
			isa = PBXGroup;
			children = (
				403E62472C593A30006F4ACA /* Virtual_DecoratorApp.swift */,
				403E62492C593A30006F4ACA /* ContentView.swift */,
				403E624B2C593A30006F4ACA /* ImmersiveView.swift */,
				403E624D2C593A32006F4ACA /* Assets.xcassets */,
				403E62522C593A32006F4ACA /* Info.plist */,
				403E624F2C593A32006F4ACA /* Preview Content */,
			);
			path = "Virtual Decorator";
			sourceTree = "<group>";
		};
		403E62432C593A30006F4ACA /* Packages */ = {
			isa = PBXGroup;
			children = (
				403E62442C593A30006F4ACA /* RealityKitContent */,
			);
			path = Packages;
			sourceTree = "<group>";
		};
		403E624F2C593A32006F4ACA /* Preview Content */ = {
			isa = PBXGroup;
			children = (
				403E62502C593A32006F4ACA /* Preview Assets.xcassets */,
			);
			path = "Preview Content";
			sourceTree = "<group>";
		};
		403E625A2C593A32006F4ACA /* Virtual DecoratorTests */ = {
			isa = PBXGroup;
			children = (
				403E625B2C593A32006F4ACA /* Virtual_DecoratorTests.swift */,
			);
			path = "Virtual DecoratorTests";
			sourceTree = "<group>";
		};
/* End PBXGroup section */

/* Begin PBXNativeTarget section */
		403E623F2C593A30006F4ACA /* Virtual Decorator */ = {
			isa = PBXNativeTarget;
			buildConfigurationList = 403E625F2C593A32006F4ACA /* Build configuration list for PBXNativeTarget "Virtual Decorator" */;
			buildPhases = (
				403E623C2C593A30006F4ACA /* Sources */,
				403E623D2C593A30006F4ACA /* Frameworks */,
				403E623E2C593A30006F4ACA /* Resources */,
			);
			buildRules = (
			);
			dependencies = (
			);
			name = "Virtual Decorator";
			packageProductDependencies = (
				403E62452C593A30006F4ACA /* RealityKitContent */,
			);
			productName = "Virtual Decorator";
			productReference = 403E62402C593A30006F4ACA /* Virtual Decorator.app */;
			productType = "com.apple.product-type.application";
		};
		403E62562C593A32006F4ACA /* Virtual DecoratorTests */ = {
			isa = PBXNativeTarget;
			buildConfigurationList = 403E62622C593A32006F4ACA /* Build configuration list for PBXNativeTarget "Virtual DecoratorTests" */;
			buildPhases = (
				403E62532C593A32006F4ACA /* Sources */,
				403E62542C593A32006F4ACA /* Frameworks */,
				403E62552C593A32006F4ACA /* Resources */,
			);
			buildRules = (
			);
			dependencies = (
				403E62592C593A32006F4ACA /* PBXTargetDependency */,
			);
			name = "Virtual DecoratorTests";
			productName = "Virtual DecoratorTests";
			productReference = 403E62572C593A32006F4ACA /* Virtual DecoratorTests.xctest */;
			productType = "com.apple.product-type.bundle.unit-test";
		};
/* End PBXNativeTarget section */

/* Begin PBXProject section */
		403E62382C593A30006F4ACA /* Project object */ = {
			isa = PBXProject;
			attributes = {
				BuildIndependentTargetsInParallel = 1;
				LastSwiftUpdateCheck = 1540;
				LastUpgradeCheck = 1540;
				TargetAttributes = {
					403E623F2C593A30006F4ACA = {
						CreatedOnToolsVersion = 15.4;
					};
					403E62562C593A32006F4ACA = {
						CreatedOnToolsVersion = 15.4;
						TestTargetID = 403E623F2C593A30006F4ACA;
					};
				};
			};
			buildConfigurationList = 403E623B2C593A30006F4ACA /* Build configuration list for PBXProject "Virtual Decorator" */;
			compatibilityVersion = "Xcode 14.0";
			developmentRegion = en;
			hasScannedForEncodings = 0;
			knownRegions = (
				en,
				Base,
			);
			mainGroup = 403E62372C593A30006F4ACA;
			packageReferences = (
				40FD33022C5ED60F00B3F909 /* XCRemoteSwiftPackageReference "ios-maps-sdk" */,
			);
			productRefGroup = 403E62412C593A30006F4ACA /* Products */;
			projectDirPath = "";
			projectRoot = "";
			targets = (
				403E623F2C593A30006F4ACA /* Virtual Decorator */,
				403E62562C593A32006F4ACA /* Virtual DecoratorTests */,
			);
		};
/* End PBXProject section */

/* Begin PBXResourcesBuildPhase section */
		403E623E2C593A30006F4ACA /* Resources */ = {
			isa = PBXResourcesBuildPhase;
			buildActionMask = 2147483647;
			files = (
				403E62512C593A32006F4ACA /* Preview Assets.xcassets in Resources */,
				403E624E2C593A32006F4ACA /* Assets.xcassets in Resources */,
			);
			runOnlyForDeploymentPostprocessing = 0;
		};
		403E62552C593A32006F4ACA /* Resources */ = {
			isa = PBXResourcesBuildPhase;
			buildActionMask = 2147483647;
			files = (
			);
			runOnlyForDeploymentPostprocessing = 0;
		};
/* End PBXResourcesBuildPhase section */

/* Begin PBXSourcesBuildPhase section */
		403E623C2C593A30006F4ACA /* Sources */ = {
			isa = PBXSourcesBuildPhase;
			buildActionMask = 2147483647;
			files = (
				403E624A2C593A30006F4ACA /* ContentView.swift in Sources */,
				403E62482C593A30006F4ACA /* Virtual_DecoratorApp.swift in Sources */,
				403E624C2C593A30006F4ACA /* ImmersiveView.swift in Sources */,
			);
			runOnlyForDeploymentPostprocessing = 0;
		};
		403E62532C593A32006F4ACA /* Sources */ = {
			isa = PBXSourcesBuildPhase;
			buildActionMask = 2147483647;
			files = (
				403E625C2C593A32006F4ACA /* Virtual_DecoratorTests.swift in Sources */,
			);
			runOnlyForDeploymentPostprocessing = 0;
		};
/* End PBXSourcesBuildPhase section */

/* Begin PBXTargetDependency section */
		403E62592C593A32006F4ACA /* PBXTargetDependency */ = {
			isa = PBXTargetDependency;
			target = 403E623F2C593A30006F4ACA /* Virtual Decorator */;
			targetProxy = 403E62582C593A32006F4ACA /* PBXContainerItemProxy */;
		};
/* End PBXTargetDependency section */

/* Begin XCBuildConfiguration section */
		403E625D2C593A32006F4ACA /* Debug */ = {
			isa = XCBuildConfiguration;
			buildSettings = {
				ALWAYS_SEARCH_USER_PATHS = NO;
				ASSETCATALOG_COMPILER_GENERATE_SWIFT_ASSET_SYMBOL_EXTENSIONS = YES;
				CLANG_ANALYZER_NONNULL = YES;
				CLANG_ANALYZER_NUMBER_OBJECT_CONVERSION = YES_AGGRESSIVE;
				CLANG_CXX_LANGUAGE_STANDARD = "gnu++20";
				CLANG_ENABLE_MODULES = YES;
				CLANG_ENABLE_OBJC_ARC = YES;
				CLANG_ENABLE_OBJC_WEAK = YES;
				CLANG_WARN_BLOCK_CAPTURE_AUTORELEASING = YES;
				CLANG_WARN_BOOL_CONVERSION = YES;
				CLANG_WARN_COMMA = YES;
				CLANG_WARN_CONSTANT_CONVERSION = YES;
				CLANG_WARN_DEPRECATED_OBJC_IMPLEMENTATIONS = YES;
				CLANG_WARN_DIRECT_OBJC_ISA_USAGE = YES_ERROR;
				CLANG_WARN_DOCUMENTATION_COMMENTS = YES;
				CLANG_WARN_EMPTY_BODY = YES;
				CLANG_WARN_ENUM_CONVERSION = YES;
				CLANG_WARN_INFINITE_RECURSION = YES;
				CLANG_WARN_INT_CONVERSION = YES;
				CLANG_WARN_NON_LITERAL_NULL_CONVERSION = YES;
				CLANG_WARN_OBJC_IMPLICIT_RETAIN_SELF = YES;
				CLANG_WARN_OBJC_LITERAL_CONVERSION = YES;
				CLANG_WARN_OBJC_ROOT_CLASS = YES_ERROR;
				CLANG_WARN_QUOTED_INCLUDE_IN_FRAMEWORK_HEADER = YES;
				CLANG_WARN_RANGE_LOOP_ANALYSIS = YES;
				CLANG_WARN_STRICT_PROTOTYPES = YES;
				CLANG_WARN_SUSPICIOUS_MOVE = YES;
				CLANG_WARN_UNGUARDED_AVAILABILITY = YES_AGGRESSIVE;
				CLANG_WARN_UNREACHABLE_CODE = YES;
				CLANG_WARN__DUPLICATE_METHOD_MATCH = YES;
				COPY_PHASE_STRIP = NO;
				DEBUG_INFORMATION_FORMAT = dwarf;
				ENABLE_STRICT_OBJC_MSGSEND = YES;
				ENABLE_TESTABILITY = YES;
				ENABLE_USER_SCRIPT_SANDBOXING = YES;
				GCC_C_LANGUAGE_STANDARD = gnu17;
				GCC_DYNAMIC_NO_PIC = NO;
				GCC_NO_COMMON_BLOCKS = YES;
				GCC_OPTIMIZATION_LEVEL = 0;
				GCC_PREPROCESSOR_DEFINITIONS = (
					"DEBUG=1",
					"$(inherited)",
				);
				GCC_WARN_64_TO_32_BIT_CONVERSION = YES;
				GCC_WARN_ABOUT_RETURN_TYPE = YES_ERROR;
				GCC_WARN_UNDECLARED_SELECTOR = YES;
				GCC_WARN_UNINITIALIZED_AUTOS = YES_AGGRESSIVE;
				GCC_WARN_UNUSED_FUNCTION = YES;
				GCC_WARN_UNUSED_VARIABLE = YES;
				LOCALIZATION_PREFERS_STRING_CATALOGS = YES;
				MTL_ENABLE_DEBUG_INFO = INCLUDE_SOURCE;
				MTL_FAST_MATH = YES;
				ONLY_ACTIVE_ARCH = YES;
				SDKROOT = xros;
				SWIFT_ACTIVE_COMPILATION_CONDITIONS = "DEBUG $(inherited)";
				SWIFT_OPTIMIZATION_LEVEL = "-Onone";
				XROS_DEPLOYMENT_TARGET = 1.2;
			};
			name = Debug;
		};
		403E625E2C593A32006F4ACA /* Release */ = {
			isa = XCBuildConfiguration;
			buildSettings = {
				ALWAYS_SEARCH_USER_PATHS = NO;
				ASSETCATALOG_COMPILER_GENERATE_SWIFT_ASSET_SYMBOL_EXTENSIONS = YES;
				CLANG_ANALYZER_NONNULL = YES;
				CLANG_ANALYZER_NUMBER_OBJECT_CONVERSION = YES_AGGRESSIVE;
				CLANG_CXX_LANGUAGE_STANDARD = "gnu++20";
				CLANG_ENABLE_MODULES = YES;
				CLANG_ENABLE_OBJC_ARC = YES;
				CLANG_ENABLE_OBJC_WEAK = YES;
				CLANG_WARN_BLOCK_CAPTURE_AUTORELEASING = YES;
				CLANG_WARN_BOOL_CONVERSION = YES;
				CLANG_WARN_COMMA = YES;
				CLANG_WARN_CONSTANT_CONVERSION = YES;
				CLANG_WARN_DEPRECATED_OBJC_IMPLEMENTATIONS = YES;
				CLANG_WARN_DIRECT_OBJC_ISA_USAGE = YES_ERROR;
				CLANG_WARN_DOCUMENTATION_COMMENTS = YES;
				CLANG_WARN_EMPTY_BODY = YES;
				CLANG_WARN_ENUM_CONVERSION = YES;
				CLANG_WARN_INFINITE_RECURSION = YES;
				CLANG_WARN_INT_CONVERSION = YES;
				CLANG_WARN_NON_LITERAL_NULL_CONVERSION = YES;
				CLANG_WARN_OBJC_IMPLICIT_RETAIN_SELF = YES;
				CLANG_WARN_OBJC_LITERAL_CONVERSION = YES;
				CLANG_WARN_OBJC_ROOT_CLASS = YES_ERROR;
				CLANG_WARN_QUOTED_INCLUDE_IN_FRAMEWORK_HEADER = YES;
				CLANG_WARN_RANGE_LOOP_ANALYSIS = YES;
				CLANG_WARN_STRICT_PROTOTYPES = YES;
				CLANG_WARN_SUSPICIOUS_MOVE = YES;
				CLANG_WARN_UNGUARDED_AVAILABILITY = YES_AGGRESSIVE;
				CLANG_WARN_UNREACHABLE_CODE = YES;
				CLANG_WARN__DUPLICATE_METHOD_MATCH = YES;
				COPY_PHASE_STRIP = NO;
				DEBUG_INFORMATION_FORMAT = "dwarf-with-dsym";
				ENABLE_NS_ASSERTIONS = NO;
				ENABLE_STRICT_OBJC_MSGSEND = YES;
				ENABLE_USER_SCRIPT_SANDBOXING = YES;
				GCC_C_LANGUAGE_STANDARD = gnu17;
				GCC_NO_COMMON_BLOCKS = YES;
				GCC_WARN_64_TO_32_BIT_CONVERSION = YES;
				GCC_WARN_ABOUT_RETURN_TYPE = YES_ERROR;
				GCC_WARN_UNDECLARED_SELECTOR = YES;
				GCC_WARN_UNINITIALIZED_AUTOS = YES_AGGRESSIVE;
				GCC_WARN_UNUSED_FUNCTION = YES;
				GCC_WARN_UNUSED_VARIABLE = YES;
				LOCALIZATION_PREFERS_STRING_CATALOGS = YES;
				MTL_ENABLE_DEBUG_INFO = NO;
				MTL_FAST_MATH = YES;
				SDKROOT = xros;
				SWIFT_COMPILATION_MODE = wholemodule;
				VALIDATE_PRODUCT = YES;
				XROS_DEPLOYMENT_TARGET = 1.2;
			};
			name = Release;
		};
		403E62602C593A32006F4ACA /* Debug */ = {
			isa = XCBuildConfiguration;
			buildSettings = {
				ASSETCATALOG_COMPILER_APPICON_NAME = AppIcon;
				ASSETCATALOG_COMPILER_GLOBAL_ACCENT_COLOR_NAME = AccentColor;
				CODE_SIGN_STYLE = Automatic;
				CURRENT_PROJECT_VERSION = 1;
				DEVELOPMENT_ASSET_PATHS = "\"Virtual Decorator/Preview Content\"";
				DEVELOPMENT_TEAM = 5498VBFC44;
				ENABLE_PREVIEWS = YES;
				GENERATE_INFOPLIST_FILE = YES;
				INFOPLIST_FILE = "$(TARGET_NAME)/Info.plist";
				LD_RUNPATH_SEARCH_PATHS = (
					"$(inherited)",
					"@executable_path/Frameworks",
				);
				MARKETING_VERSION = 1.0;
				PRODUCT_BUNDLE_IDENTIFIER = "com.infodat.Virtual-Decorator";
				PRODUCT_NAME = "$(TARGET_NAME)";
				SUPPORTED_PLATFORMS = "xros xrsimulator";
				SWIFT_EMIT_LOC_STRINGS = YES;
				SWIFT_VERSION = 5.0;
				TARGETED_DEVICE_FAMILY = "1,2,7";
			};
			name = Debug;
		};
		403E62612C593A32006F4ACA /* Release */ = {
			isa = XCBuildConfiguration;
			buildSettings = {
				ASSETCATALOG_COMPILER_APPICON_NAME = AppIcon;
				ASSETCATALOG_COMPILER_GLOBAL_ACCENT_COLOR_NAME = AccentColor;
				CODE_SIGN_STYLE = Automatic;
				CURRENT_PROJECT_VERSION = 1;
				DEVELOPMENT_ASSET_PATHS = "\"Virtual Decorator/Preview Content\"";
				DEVELOPMENT_TEAM = 5498VBFC44;
				ENABLE_PREVIEWS = YES;
				GENERATE_INFOPLIST_FILE = YES;
				INFOPLIST_FILE = "$(TARGET_NAME)/Info.plist";
				LD_RUNPATH_SEARCH_PATHS = (
					"$(inherited)",
					"@executable_path/Frameworks",
				);
				MARKETING_VERSION = 1.0;
				PRODUCT_BUNDLE_IDENTIFIER = "com.infodat.Virtual-Decorator";
				PRODUCT_NAME = "$(TARGET_NAME)";
				SUPPORTED_PLATFORMS = "xros xrsimulator";
				SWIFT_EMIT_LOC_STRINGS = YES;
				SWIFT_VERSION = 5.0;
				TARGETED_DEVICE_FAMILY = "1,2,7";
			};
			name = Release;
		};
		403E62632C593A32006F4ACA /* Debug */ = {
			isa = XCBuildConfiguration;
			buildSettings = {
				ALWAYS_EMBED_SWIFT_STANDARD_LIBRARIES = YES;
				BUNDLE_LOADER = "$(TEST_HOST)";
				CODE_SIGN_STYLE = Automatic;
				CURRENT_PROJECT_VERSION = 1;
				DEVELOPMENT_TEAM = 5498VBFC44;
				GENERATE_INFOPLIST_FILE = YES;
				MARKETING_VERSION = 1.0;
				PRODUCT_BUNDLE_IDENTIFIER = "com.infodat.Virtual-DecoratorTests";
				PRODUCT_NAME = "$(TARGET_NAME)";
				SUPPORTED_PLATFORMS = "xros xrsimulator";
				SWIFT_EMIT_LOC_STRINGS = NO;
				SWIFT_VERSION = 5.0;
				TARGETED_DEVICE_FAMILY = "1,2,7";
				TEST_HOST = "$(BUILT_PRODUCTS_DIR)/Virtual Decorator.app/$(BUNDLE_EXECUTABLE_FOLDER_PATH)/Virtual Decorator";
				XROS_DEPLOYMENT_TARGET = 1.2;
			};
			name = Debug;
		};
		403E62642C593A32006F4ACA /* Release */ = {
			isa = XCBuildConfiguration;
			buildSettings = {
				ALWAYS_EMBED_SWIFT_STANDARD_LIBRARIES = YES;
				BUNDLE_LOADER = "$(TEST_HOST)";
				CODE_SIGN_STYLE = Automatic;
				CURRENT_PROJECT_VERSION = 1;
				DEVELOPMENT_TEAM = 5498VBFC44;
				GENERATE_INFOPLIST_FILE = YES;
				MARKETING_VERSION = 1.0;
				PRODUCT_BUNDLE_IDENTIFIER = "com.infodat.Virtual-DecoratorTests";
				PRODUCT_NAME = "$(TARGET_NAME)";
				SUPPORTED_PLATFORMS = "xros xrsimulator";
				SWIFT_EMIT_LOC_STRINGS = NO;
				SWIFT_VERSION = 5.0;
				TARGETED_DEVICE_FAMILY = "1,2,7";
				TEST_HOST = "$(BUILT_PRODUCTS_DIR)/Virtual Decorator.app/$(BUNDLE_EXECUTABLE_FOLDER_PATH)/Virtual Decorator";
				XROS_DEPLOYMENT_TARGET = 1.2;
			};
			name = Release;
		};
/* End XCBuildConfiguration section */

/* Begin XCConfigurationList section */
		403E623B2C593A30006F4ACA /* Build configuration list for PBXProject "Virtual Decorator" */ = {
			isa = XCConfigurationList;
			buildConfigurations = (
				403E625D2C593A32006F4ACA /* Debug */,
				403E625E2C593A32006F4ACA /* Release */,
			);
			defaultConfigurationIsVisible = 0;
			defaultConfigurationName = Release;
		};
		403E625F2C593A32006F4ACA /* Build configuration list for PBXNativeTarget "Virtual Decorator" */ = {
			isa = XCConfigurationList;
			buildConfigurations = (
				403E62602C593A32006F4ACA /* Debug */,
				403E62612C593A32006F4ACA /* Release */,
			);
			defaultConfigurationIsVisible = 0;
			defaultConfigurationName = Release;
		};
		403E62622C593A32006F4ACA /* Build configuration list for PBXNativeTarget "Virtual DecoratorTests" */ = {
			isa = XCConfigurationList;
			buildConfigurations = (
				403E62632C593A32006F4ACA /* Debug */,
				403E62642C593A32006F4ACA /* Release */,
			);
			defaultConfigurationIsVisible = 0;
			defaultConfigurationName = Release;
		};
/* End XCConfigurationList section */

/* Begin XCRemoteSwiftPackageReference section */
		40FD33022C5ED60F00B3F909 /* XCRemoteSwiftPackageReference "ios-maps-sdk" */ = {
			isa = XCRemoteSwiftPackageReference;
			repositoryURL = "https://github.com/googlemaps/ios-maps-sdk";
			requirement = {
				kind = upToNextMajorVersion;
				minimumVersion = 9.0.0;
			};
		};
/* End XCRemoteSwiftPackageReference section */

/* Begin XCSwiftPackageProductDependency section */
		403E62452C593A30006F4ACA /* RealityKitContent */ = {
			isa = XCSwiftPackageProductDependency;
			productName = RealityKitContent;
		};
/* End XCSwiftPackageProductDependency section */
	};
	rootObject = 403E62382C593A30006F4ACA /* Project object */;
}
